// !$*UTF8*$!
{
	archiveVersion = 1;
	classes = {
	};
	objectVersion = 48;
	objects = {

/* Begin PBXBuildFile section */
		0049CC4DBD858911B8E67078 /* Pods_ExampleUITests.framework in Frameworks */ = {isa = PBXBuildFile; fileRef = F1E32881CD675F8748E5C6A8 /* Pods_ExampleUITests.framework */; };
		560E26AC0BBDE50806CBB698 /* Pods_Example.framework in Frameworks */ = {isa = PBXBuildFile; fileRef = BD6A17132CD2EA7828140B2E /* Pods_Example.framework */; };
		EE359CE520AD798A0060E75A /* AppDelegate.swift in Sources */ = {isa = PBXBuildFile; fileRef = EE359CE420AD798A0060E75A /* AppDelegate.swift */; };
		EE359CE720AD798A0060E75A /* ViewController.swift in Sources */ = {isa = PBXBuildFile; fileRef = EE359CE620AD798A0060E75A /* ViewController.swift */; };
		EE359CEA20AD798A0060E75A /* Main.storyboard in Resources */ = {isa = PBXBuildFile; fileRef = EE359CE820AD798A0060E75A /* Main.storyboard */; };
		EE359CEC20AD798A0060E75A /* Assets.xcassets in Resources */ = {isa = PBXBuildFile; fileRef = EE359CEB20AD798A0060E75A /* Assets.xcassets */; };
		EE359CEF20AD798A0060E75A /* LaunchScreen.storyboard in Resources */ = {isa = PBXBuildFile; fileRef = EE359CED20AD798A0060E75A /* LaunchScreen.storyboard */; };
		EE359CFA20AD798A0060E75A /* ExampleUITests.swift in Sources */ = {isa = PBXBuildFile; fileRef = EE359CF920AD798A0060E75A /* ExampleUITests.swift */; };
		EEA4D6B720B2B0B500145A95 /* DefaultTheme.plist in Resources */ = {isa = PBXBuildFile; fileRef = EEA4D6B620B2B0B500145A95 /* DefaultTheme.plist */; };
/* End PBXBuildFile section */

/* Begin PBXContainerItemProxy section */
		EE359CF620AD798A0060E75A /* PBXContainerItemProxy */ = {
			isa = PBXContainerItemProxy;
			containerPortal = EE359CD920AD798A0060E75A /* Project object */;
			proxyType = 1;
			remoteGlobalIDString = EE359CE020AD798A0060E75A;
			remoteInfo = Example;
		};
/* End PBXContainerItemProxy section */

/* Begin PBXFileReference section */
		3279B6CDDBA10D7E06CCF4B5 /* Pods-ExampleUITests.debug.xcconfig */ = {isa = PBXFileReference; includeInIndex = 1; lastKnownFileType = text.xcconfig; name = "Pods-ExampleUITests.debug.xcconfig"; path = "Pods/Target Support Files/Pods-ExampleUITests/Pods-ExampleUITests.debug.xcconfig"; sourceTree = "<group>"; };
		3DE724BCD8697EEC5BE8CEAD /* Pods-Example.debug.xcconfig */ = {isa = PBXFileReference; includeInIndex = 1; lastKnownFileType = text.xcconfig; name = "Pods-Example.debug.xcconfig"; path = "Pods/Target Support Files/Pods-Example/Pods-Example.debug.xcconfig"; sourceTree = "<group>"; };
		692639C2849EA7F5C1848AB9 /* Pods-Example.release.xcconfig */ = {isa = PBXFileReference; includeInIndex = 1; lastKnownFileType = text.xcconfig; name = "Pods-Example.release.xcconfig"; path = "Pods/Target Support Files/Pods-Example/Pods-Example.release.xcconfig"; sourceTree = "<group>"; };
		92CD0B70BA3CAFAF7FFFF6B8 /* Pods-ExampleUITests.release.xcconfig */ = {isa = PBXFileReference; includeInIndex = 1; lastKnownFileType = text.xcconfig; name = "Pods-ExampleUITests.release.xcconfig"; path = "Pods/Target Support Files/Pods-ExampleUITests/Pods-ExampleUITests.release.xcconfig"; sourceTree = "<group>"; };
		BD6A17132CD2EA7828140B2E /* Pods_Example.framework */ = {isa = PBXFileReference; explicitFileType = wrapper.framework; includeInIndex = 0; path = Pods_Example.framework; sourceTree = BUILT_PRODUCTS_DIR; };
		EE359CE120AD798A0060E75A /* Example.app */ = {isa = PBXFileReference; explicitFileType = wrapper.application; includeInIndex = 0; path = Example.app; sourceTree = BUILT_PRODUCTS_DIR; };
		EE359CE420AD798A0060E75A /* AppDelegate.swift */ = {isa = PBXFileReference; lastKnownFileType = sourcecode.swift; path = AppDelegate.swift; sourceTree = "<group>"; };
		EE359CE620AD798A0060E75A /* ViewController.swift */ = {isa = PBXFileReference; lastKnownFileType = sourcecode.swift; path = ViewController.swift; sourceTree = "<group>"; };
		EE359CE920AD798A0060E75A /* Base */ = {isa = PBXFileReference; lastKnownFileType = file.storyboard; name = Base; path = Base.lproj/Main.storyboard; sourceTree = "<group>"; };
		EE359CEB20AD798A0060E75A /* Assets.xcassets */ = {isa = PBXFileReference; lastKnownFileType = folder.assetcatalog; path = Assets.xcassets; sourceTree = "<group>"; };
		EE359CEE20AD798A0060E75A /* Base */ = {isa = PBXFileReference; lastKnownFileType = file.storyboard; name = Base; path = Base.lproj/LaunchScreen.storyboard; sourceTree = "<group>"; };
		EE359CF020AD798A0060E75A /* Info.plist */ = {isa = PBXFileReference; lastKnownFileType = text.plist.xml; path = Info.plist; sourceTree = "<group>"; };
		EE359CF520AD798A0060E75A /* ExampleUITests.xctest */ = {isa = PBXFileReference; explicitFileType = wrapper.cfbundle; includeInIndex = 0; path = ExampleUITests.xctest; sourceTree = BUILT_PRODUCTS_DIR; };
		EE359CF920AD798A0060E75A /* ExampleUITests.swift */ = {isa = PBXFileReference; lastKnownFileType = sourcecode.swift; path = ExampleUITests.swift; sourceTree = "<group>"; };
		EE359CFB20AD798A0060E75A /* Info.plist */ = {isa = PBXFileReference; lastKnownFileType = text.plist.xml; path = Info.plist; sourceTree = "<group>"; };
		EEA4D6B620B2B0B500145A95 /* DefaultTheme.plist */ = {isa = PBXFileReference; fileEncoding = 4; lastKnownFileType = text.plist.xml; path = DefaultTheme.plist; sourceTree = "<group>"; };
		F1E32881CD675F8748E5C6A8 /* Pods_ExampleUITests.framework */ = {isa = PBXFileReference; explicitFileType = wrapper.framework; includeInIndex = 0; path = Pods_ExampleUITests.framework; sourceTree = BUILT_PRODUCTS_DIR; };
/* End PBXFileReference section */

/* Begin PBXFrameworksBuildPhase section */
		EE359CDE20AD798A0060E75A /* Frameworks */ = {
			isa = PBXFrameworksBuildPhase;
			buildActionMask = 2147483647;
			files = (
				560E26AC0BBDE50806CBB698 /* Pods_Example.framework in Frameworks */,
			);
			runOnlyForDeploymentPostprocessing = 0;
		};
		EE359CF220AD798A0060E75A /* Frameworks */ = {
			isa = PBXFrameworksBuildPhase;
			buildActionMask = 2147483647;
			files = (
				0049CC4DBD858911B8E67078 /* Pods_ExampleUITests.framework in Frameworks */,
			);
			runOnlyForDeploymentPostprocessing = 0;
		};
/* End PBXFrameworksBuildPhase section */

/* Begin PBXGroup section */
		4CBEEEC489524A668C6E22F0 /* Pods */ = {
			isa = PBXGroup;
			children = (
				3DE724BCD8697EEC5BE8CEAD /* Pods-Example.debug.xcconfig */,
				692639C2849EA7F5C1848AB9 /* Pods-Example.release.xcconfig */,
				3279B6CDDBA10D7E06CCF4B5 /* Pods-ExampleUITests.debug.xcconfig */,
				92CD0B70BA3CAFAF7FFFF6B8 /* Pods-ExampleUITests.release.xcconfig */,
			);
			name = Pods;
			sourceTree = "<group>";
		};
		EE359CD820AD798A0060E75A = {
			isa = PBXGroup;
			children = (
				EE359CE320AD798A0060E75A /* Example */,
				EE359CF820AD798A0060E75A /* ExampleUITests */,
				EE359CE220AD798A0060E75A /* Products */,
				4CBEEEC489524A668C6E22F0 /* Pods */,
				F6594B45C1A661490C51CD9C /* Frameworks */,
			);
			sourceTree = "<group>";
		};
		EE359CE220AD798A0060E75A /* Products */ = {
			isa = PBXGroup;
			children = (
				EE359CE120AD798A0060E75A /* Example.app */,
				EE359CF520AD798A0060E75A /* ExampleUITests.xctest */,
			);
			name = Products;
			sourceTree = "<group>";
		};
		EE359CE320AD798A0060E75A /* Example */ = {
			isa = PBXGroup;
			children = (
				EE359CE420AD798A0060E75A /* AppDelegate.swift */,
				EEA4D6B620B2B0B500145A95 /* DefaultTheme.plist */,
				EE359CE620AD798A0060E75A /* ViewController.swift */,
				EE359CE820AD798A0060E75A /* Main.storyboard */,
				EE359CEB20AD798A0060E75A /* Assets.xcassets */,
				EE359CED20AD798A0060E75A /* LaunchScreen.storyboard */,
				EE359CF020AD798A0060E75A /* Info.plist */,
			);
			path = Example;
			sourceTree = "<group>";
		};
		EE359CF820AD798A0060E75A /* ExampleUITests */ = {
			isa = PBXGroup;
			children = (
				EE359CF920AD798A0060E75A /* ExampleUITests.swift */,
				EE359CFB20AD798A0060E75A /* Info.plist */,
			);
			path = ExampleUITests;
			sourceTree = "<group>";
		};
		F6594B45C1A661490C51CD9C /* Frameworks */ = {
			isa = PBXGroup;
			children = (
				BD6A17132CD2EA7828140B2E /* Pods_Example.framework */,
				F1E32881CD675F8748E5C6A8 /* Pods_ExampleUITests.framework */,
			);
			name = Frameworks;
			sourceTree = "<group>";
		};
/* End PBXGroup section */

/* Begin PBXNativeTarget section */
		EE359CE020AD798A0060E75A /* Example */ = {
			isa = PBXNativeTarget;
			buildConfigurationList = EE359CFE20AD798A0060E75A /* Build configuration list for PBXNativeTarget "Example" */;
			buildPhases = (
				C6C8C09FB0B515EBE2ACF7F0 /* [CP] Check Pods Manifest.lock */,
				EE359CDD20AD798A0060E75A /* Sources */,
				EE359CDE20AD798A0060E75A /* Frameworks */,
				EE359CDF20AD798A0060E75A /* Resources */,
				8543FB532A119958A874F78A /* [CP] Embed Pods Frameworks */,
				237266EA9A74D3A1D18EA256 /* [CP] Copy Pods Resources */,
			);
			buildRules = (
			);
			dependencies = (
			);
			name = Example;
			productName = Example;
			productReference = EE359CE120AD798A0060E75A /* Example.app */;
			productType = "com.apple.product-type.application";
		};
		EE359CF420AD798A0060E75A /* ExampleUITests */ = {
			isa = PBXNativeTarget;
			buildConfigurationList = EE359D0120AD798A0060E75A /* Build configuration list for PBXNativeTarget "ExampleUITests" */;
			buildPhases = (
				79E30AA3ABBBEB4BF0AFD466 /* [CP] Check Pods Manifest.lock */,
				EE359CF120AD798A0060E75A /* Sources */,
				EE359CF220AD798A0060E75A /* Frameworks */,
				EE359CF320AD798A0060E75A /* Resources */,
				F9F7F87F146E0FAFB4E98489 /* [CP] Embed Pods Frameworks */,
				607331775C340ACE9CA7F657 /* [CP] Copy Pods Resources */,
			);
			buildRules = (
			);
			dependencies = (
				EE359CF720AD798A0060E75A /* PBXTargetDependency */,
			);
			name = ExampleUITests;
			productName = ExampleUITests;
			productReference = EE359CF520AD798A0060E75A /* ExampleUITests.xctest */;
			productType = "com.apple.product-type.bundle.ui-testing";
		};
/* End PBXNativeTarget section */

/* Begin PBXProject section */
		EE359CD920AD798A0060E75A /* Project object */ = {
			isa = PBXProject;
			attributes = {
				LastSwiftUpdateCheck = 0910;
				LastUpgradeCheck = 0910;
				ORGANIZATIONNAME = "Mahesh Asabe";
				TargetAttributes = {
					EE359CE020AD798A0060E75A = {
						CreatedOnToolsVersion = 9.1;
						ProvisioningStyle = Automatic;
					};
					EE359CF420AD798A0060E75A = {
						CreatedOnToolsVersion = 9.1;
						ProvisioningStyle = Automatic;
						TestTargetID = EE359CE020AD798A0060E75A;
					};
				};
			};
			buildConfigurationList = EE359CDC20AD798A0060E75A /* Build configuration list for PBXProject "Example" */;
			compatibilityVersion = "Xcode 8.0";
			developmentRegion = en;
			hasScannedForEncodings = 0;
			knownRegions = (
				en,
				Base,
			);
			mainGroup = EE359CD820AD798A0060E75A;
			productRefGroup = EE359CE220AD798A0060E75A /* Products */;
			projectDirPath = "";
			projectRoot = "";
			targets = (
				EE359CE020AD798A0060E75A /* Example */,
				EE359CF420AD798A0060E75A /* ExampleUITests */,
			);
		};
/* End PBXProject section */

/* Begin PBXResourcesBuildPhase section */
		EE359CDF20AD798A0060E75A /* Resources */ = {
			isa = PBXResourcesBuildPhase;
			buildActionMask = 2147483647;
			files = (
				EEA4D6B720B2B0B500145A95 /* DefaultTheme.plist in Resources */,
				EE359CEF20AD798A0060E75A /* LaunchScreen.storyboard in Resources */,
				EE359CEC20AD798A0060E75A /* Assets.xcassets in Resources */,
				EE359CEA20AD798A0060E75A /* Main.storyboard in Resources */,
			);
			runOnlyForDeploymentPostprocessing = 0;
		};
		EE359CF320AD798A0060E75A /* Resources */ = {
			isa = PBXResourcesBuildPhase;
			buildActionMask = 2147483647;
			files = (
			);
			runOnlyForDeploymentPostprocessing = 0;
		};
/* End PBXResourcesBuildPhase section */

/* Begin PBXShellScriptBuildPhase section */
		237266EA9A74D3A1D18EA256 /* [CP] Copy Pods Resources */ = {
			isa = PBXShellScriptBuildPhase;
			buildActionMask = 2147483647;
			files = (
			);
			inputPaths = (
			);
			name = "[CP] Copy Pods Resources";
			outputPaths = (
			);
			runOnlyForDeploymentPostprocessing = 0;
			shellPath = /bin/sh;
			shellScript = "\"${SRCROOT}/Pods/Target Support Files/Pods-Example/Pods-Example-resources.sh\"\n";
			showEnvVarsInLog = 0;
		};
		607331775C340ACE9CA7F657 /* [CP] Copy Pods Resources */ = {
			isa = PBXShellScriptBuildPhase;
			buildActionMask = 2147483647;
			files = (
			);
			inputPaths = (
			);
			name = "[CP] Copy Pods Resources";
			outputPaths = (
			);
			runOnlyForDeploymentPostprocessing = 0;
			shellPath = /bin/sh;
			shellScript = "\"${SRCROOT}/Pods/Target Support Files/Pods-ExampleUITests/Pods-ExampleUITests-resources.sh\"\n";
			showEnvVarsInLog = 0;
		};
		79E30AA3ABBBEB4BF0AFD466 /* [CP] Check Pods Manifest.lock */ = {
			isa = PBXShellScriptBuildPhase;
			buildActionMask = 2147483647;
			files = (
			);
			inputPaths = (
				"${PODS_PODFILE_DIR_PATH}/Podfile.lock",
				"${PODS_ROOT}/Manifest.lock",
			);
			name = "[CP] Check Pods Manifest.lock";
			outputPaths = (
				"$(DERIVED_FILE_DIR)/Pods-ExampleUITests-checkManifestLockResult.txt",
			);
			runOnlyForDeploymentPostprocessing = 0;
			shellPath = /bin/sh;
			shellScript = "diff \"${PODS_PODFILE_DIR_PATH}/Podfile.lock\" \"${PODS_ROOT}/Manifest.lock\" > /dev/null\nif [ $? != 0 ] ; then\n    # print error to STDERR\n    echo \"error: The sandbox is not in sync with the Podfile.lock. Run 'pod install' or update your CocoaPods installation.\" >&2\n    exit 1\nfi\n# This output is used by Xcode 'outputs' to avoid re-running this script phase.\necho \"SUCCESS\" > \"${SCRIPT_OUTPUT_FILE_0}\"\n";
			showEnvVarsInLog = 0;
		};
		8543FB532A119958A874F78A /* [CP] Embed Pods Frameworks */ = {
			isa = PBXShellScriptBuildPhase;
			buildActionMask = 2147483647;
			files = (
			);
			inputPaths = (
				"${SRCROOT}/Pods/Target Support Files/Pods-Example/Pods-Example-frameworks.sh",
				"${BUILT_PRODUCTS_DIR}/MobiBrainsSwiftUtils/MobiBrainsSwiftUtils.framework",
			);
			name = "[CP] Embed Pods Frameworks";
			outputPaths = (
				"${TARGET_BUILD_DIR}/${FRAMEWORKS_FOLDER_PATH}/MobiBrainsSwiftUtils.framework",
			);
			runOnlyForDeploymentPostprocessing = 0;
			shellPath = /bin/sh;
			shellScript = "\"${SRCROOT}/Pods/Target Support Files/Pods-Example/Pods-Example-frameworks.sh\"\n";
			showEnvVarsInLog = 0;
		};
		C6C8C09FB0B515EBE2ACF7F0 /* [CP] Check Pods Manifest.lock */ = {
			isa = PBXShellScriptBuildPhase;
			buildActionMask = 2147483647;
			files = (
			);
			inputPaths = (
				"${PODS_PODFILE_DIR_PATH}/Podfile.lock",
				"${PODS_ROOT}/Manifest.lock",
			);
			name = "[CP] Check Pods Manifest.lock";
			outputPaths = (
				"$(DERIVED_FILE_DIR)/Pods-Example-checkManifestLockResult.txt",
			);
			runOnlyForDeploymentPostprocessing = 0;
			shellPath = /bin/sh;
			shellScript = "diff \"${PODS_PODFILE_DIR_PATH}/Podfile.lock\" \"${PODS_ROOT}/Manifest.lock\" > /dev/null\nif [ $? != 0 ] ; then\n    # print error to STDERR\n    echo \"error: The sandbox is not in sync with the Podfile.lock. Run 'pod install' or update your CocoaPods installation.\" >&2\n    exit 1\nfi\n# This output is used by Xcode 'outputs' to avoid re-running this script phase.\necho \"SUCCESS\" > \"${SCRIPT_OUTPUT_FILE_0}\"\n";
			showEnvVarsInLog = 0;
		};
		F9F7F87F146E0FAFB4E98489 /* [CP] Embed Pods Frameworks */ = {
			isa = PBXShellScriptBuildPhase;
			buildActionMask = 2147483647;
			files = (
			);
			inputPaths = (
			);
			name = "[CP] Embed Pods Frameworks";
			outputPaths = (
			);
			runOnlyForDeploymentPostprocessing = 0;
			shellPath = /bin/sh;
			shellScript = "\"${SRCROOT}/Pods/Target Support Files/Pods-ExampleUITests/Pods-ExampleUITests-frameworks.sh\"\n";
			showEnvVarsInLog = 0;
		};
/* End PBXShellScriptBuildPhase section */

/* Begin PBXSourcesBuildPhase section */
		EE359CDD20AD798A0060E75A /* Sources */ = {
			isa = PBXSourcesBuildPhase;
			buildActionMask = 2147483647;
			files = (
				EE359CE720AD798A0060E75A /* ViewController.swift in Sources */,
				EE359CE520AD798A0060E75A /* AppDelegate.swift in Sources */,
			);
			runOnlyForDeploymentPostprocessing = 0;
		};
		EE359CF120AD798A0060E75A /* Sources */ = {
			isa = PBXSourcesBuildPhase;
			buildActionMask = 2147483647;
			files = (
				EE359CFA20AD798A0060E75A /* ExampleUITests.swift in Sources */,
			);
			runOnlyForDeploymentPostprocessing = 0;
		};
/* End PBXSourcesBuildPhase section */

/* Begin PBXTargetDependency section */
		EE359CF720AD798A0060E75A /* PBXTargetDependency */ = {
			isa = PBXTargetDependency;
			target = EE359CE020AD798A0060E75A /* Example */;
			targetProxy = EE359CF620AD798A0060E75A /* PBXContainerItemProxy */;
		};
/* End PBXTargetDependency section */

/* Begin PBXVariantGroup section */
		EE359CE820AD798A0060E75A /* Main.storyboard */ = {
			isa = PBXVariantGroup;
			children = (
				EE359CE920AD798A0060E75A /* Base */,
			);
			name = Main.storyboard;
			sourceTree = "<group>";
		};
		EE359CED20AD798A0060E75A /* LaunchScreen.storyboard */ = {
			isa = PBXVariantGroup;
			children = (
				EE359CEE20AD798A0060E75A /* Base */,
			);
			name = LaunchScreen.storyboard;
			sourceTree = "<group>";
		};
/* End PBXVariantGroup section */

/* Begin XCBuildConfiguration section */
		EE359CFC20AD798A0060E75A /* Debug */ = {
			isa = XCBuildConfiguration;
			buildSettings = {
				ALWAYS_SEARCH_USER_PATHS = NO;
				CLANG_ANALYZER_NONNULL = YES;
				CLANG_ANALYZER_NUMBER_OBJECT_CONVERSION = YES_AGGRESSIVE;
				CLANG_CXX_LANGUAGE_STANDARD = "gnu++14";
				CLANG_CXX_LIBRARY = "libc++";
				CLANG_ENABLE_MODULES = YES;
				CLANG_ENABLE_OBJC_ARC = YES;
				CLANG_WARN_BLOCK_CAPTURE_AUTORELEASING = YES;
				CLANG_WARN_BOOL_CONVERSION = YES;
				CLANG_WARN_COMMA = YES;
				CLANG_WARN_CONSTANT_CONVERSION = YES;
				CLANG_WARN_DIRECT_OBJC_ISA_USAGE = YES_ERROR;
				CLANG_WARN_DOCUMENTATION_COMMENTS = YES;
				CLANG_WARN_EMPTY_BODY = YES;
				CLANG_WARN_ENUM_CONVERSION = YES;
				CLANG_WARN_INFINITE_RECURSION = YES;
				CLANG_WARN_INT_CONVERSION = YES;
				CLANG_WARN_NON_LITERAL_NULL_CONVERSION = YES;
				CLANG_WARN_OBJC_LITERAL_CONVERSION = YES;
				CLANG_WARN_OBJC_ROOT_CLASS = YES_ERROR;
				CLANG_WARN_RANGE_LOOP_ANALYSIS = YES;
				CLANG_WARN_STRICT_PROTOTYPES = YES;
				CLANG_WARN_SUSPICIOUS_MOVE = YES;
				CLANG_WARN_UNGUARDED_AVAILABILITY = YES_AGGRESSIVE;
				CLANG_WARN_UNREACHABLE_CODE = YES;
				CLANG_WARN__DUPLICATE_METHOD_MATCH = YES;
				CODE_SIGN_IDENTITY = "iPhone Developer";
				COPY_PHASE_STRIP = NO;
				DEBUG_INFORMATION_FORMAT = dwarf;
				ENABLE_STRICT_OBJC_MSGSEND = YES;
				ENABLE_TESTABILITY = YES;
				GCC_C_LANGUAGE_STANDARD = gnu11;
				GCC_DYNAMIC_NO_PIC = NO;
				GCC_NO_COMMON_BLOCKS = YES;
				GCC_OPTIMIZATION_LEVEL = 0;
				GCC_PREPROCESSOR_DEFINITIONS = (
					"DEBUG=1",
					"$(inherited)",
				);
				GCC_WARN_64_TO_32_BIT_CONVERSION = YES;
				GCC_WARN_ABOUT_RETURN_TYPE = YES_ERROR;
				GCC_WARN_UNDECLARED_SELECTOR = YES;
				GCC_WARN_UNINITIALIZED_AUTOS = YES_AGGRESSIVE;
				GCC_WARN_UNUSED_FUNCTION = YES;
				GCC_WARN_UNUSED_VARIABLE = YES;
				IPHONEOS_DEPLOYMENT_TARGET = 11.1;
				MTL_ENABLE_DEBUG_INFO = YES;
				ONLY_ACTIVE_ARCH = YES;
				SDKROOT = iphoneos;
				SWIFT_ACTIVE_COMPILATION_CONDITIONS = DEBUG;
				SWIFT_OPTIMIZATION_LEVEL = "-Onone";
			};
			name = Debug;
		};
		EE359CFD20AD798A0060E75A /* Release */ = {
			isa = XCBuildConfiguration;
			buildSettings = {
				ALWAYS_SEARCH_USER_PATHS = NO;
				CLANG_ANALYZER_NONNULL = YES;
				CLANG_ANALYZER_NUMBER_OBJECT_CONVERSION = YES_AGGRESSIVE;
				CLANG_CXX_LANGUAGE_STANDARD = "gnu++14";
				CLANG_CXX_LIBRARY = "libc++";
				CLANG_ENABLE_MODULES = YES;
				CLANG_ENABLE_OBJC_ARC = YES;
				CLANG_WARN_BLOCK_CAPTURE_AUTORELEASING = YES;
				CLANG_WARN_BOOL_CONVERSION = YES;
				CLANG_WARN_COMMA = YES;
				CLANG_WARN_CONSTANT_CONVERSION = YES;
				CLANG_WARN_DIRECT_OBJC_ISA_USAGE = YES_ERROR;
				CLANG_WARN_DOCUMENTATION_COMMENTS = YES;
				CLANG_WARN_EMPTY_BODY = YES;
				CLANG_WARN_ENUM_CONVERSION = YES;
				CLANG_WARN_INFINITE_RECURSION = YES;
				CLANG_WARN_INT_CONVERSION = YES;
				CLANG_WARN_NON_LITERAL_NULL_CONVERSION = YES;
				CLANG_WARN_OBJC_LITERAL_CONVERSION = YES;
				CLANG_WARN_OBJC_ROOT_CLASS = YES_ERROR;
				CLANG_WARN_RANGE_LOOP_ANALYSIS = YES;
				CLANG_WARN_STRICT_PROTOTYPES = YES;
				CLANG_WARN_SUSPICIOUS_MOVE = YES;
				CLANG_WARN_UNGUARDED_AVAILABILITY = YES_AGGRESSIVE;
				CLANG_WARN_UNREACHABLE_CODE = YES;
				CLANG_WARN__DUPLICATE_METHOD_MATCH = YES;
				CODE_SIGN_IDENTITY = "iPhone Developer";
				COPY_PHASE_STRIP = NO;
				DEBUG_INFORMATION_FORMAT = "dwarf-with-dsym";
				ENABLE_NS_ASSERTIONS = NO;
				ENABLE_STRICT_OBJC_MSGSEND = YES;
				GCC_C_LANGUAGE_STANDARD = gnu11;
				GCC_NO_COMMON_BLOCKS = YES;
				GCC_WARN_64_TO_32_BIT_CONVERSION = YES;
				GCC_WARN_ABOUT_RETURN_TYPE = YES_ERROR;
				GCC_WARN_UNDECLARED_SELECTOR = YES;
				GCC_WARN_UNINITIALIZED_AUTOS = YES_AGGRESSIVE;
				GCC_WARN_UNUSED_FUNCTION = YES;
				GCC_WARN_UNUSED_VARIABLE = YES;
				IPHONEOS_DEPLOYMENT_TARGET = 11.1;
				MTL_ENABLE_DEBUG_INFO = NO;
				SDKROOT = iphoneos;
				SWIFT_OPTIMIZATION_LEVEL = "-Owholemodule";
				VALIDATE_PRODUCT = YES;
			};
			name = Release;
		};
		EE359CFF20AD798A0060E75A /* Debug */ = {
			isa = XCBuildConfiguration;
			baseConfigurationReference = 3DE724BCD8697EEC5BE8CEAD /* Pods-Example.debug.xcconfig */;
			buildSettings = {
				ASSETCATALOG_COMPILER_APPICON_NAME = AppIcon;
				CODE_SIGN_STYLE = Automatic;
				INFOPLIST_FILE = Example/Info.plist;
				LD_RUNPATH_SEARCH_PATHS = "$(inherited) @executable_path/Frameworks";
				PRODUCT_BUNDLE_IDENTIFIER = com.mobibrains.Example;
				PRODUCT_NAME = "$(TARGET_NAME)";
				SWIFT_VERSION = 4.0;
				TARGETED_DEVICE_FAMILY = "1,2";
			};
			name = Debug;
		};
		EE359D0020AD798A0060E75A /* Release */ = {
			isa = XCBuildConfiguration;
			baseConfigurationReference = 692639C2849EA7F5C1848AB9 /* Pods-Example.release.xcconfig */;
			buildSettings = {
				ASSETCATALOG_COMPILER_APPICON_NAME = AppIcon;
				CODE_SIGN_STYLE = Automatic;
				INFOPLIST_FILE = Example/Info.plist;
				LD_RUNPATH_SEARCH_PATHS = "$(inherited) @executable_path/Frameworks";
				PRODUCT_BUNDLE_IDENTIFIER = com.mobibrains.Example;
				PRODUCT_NAME = "$(TARGET_NAME)";
				SWIFT_VERSION = 4.0;
				TARGETED_DEVICE_FAMILY = "1,2";
			};
			name = Release;
		};
		EE359D0220AD798A0060E75A /* Debug */ = {
			isa = XCBuildConfiguration;
			baseConfigurationReference = 3279B6CDDBA10D7E06CCF4B5 /* Pods-ExampleUITests.debug.xcconfig */;
			buildSettings = {
				ALWAYS_EMBED_SWIFT_STANDARD_LIBRARIES = YES;
				CODE_SIGN_STYLE = Automatic;
				INFOPLIST_FILE = ExampleUITests/Info.plist;
				LD_RUNPATH_SEARCH_PATHS = "$(inherited) @executable_path/Frameworks @loader_path/Frameworks";
				PRODUCT_BUNDLE_IDENTIFIER = com.mobibrains.ExampleUITests;
				PRODUCT_NAME = "$(TARGET_NAME)";
				SWIFT_VERSION = 4.0;
				TARGETED_DEVICE_FAMILY = "1,2";
				TEST_TARGET_NAME = Example;
			};
			name = Debug;
		};
		EE359D0320AD798A0060E75A /* Release */ = {
			isa = XCBuildConfiguration;
			baseConfigurationReference = 92CD0B70BA3CAFAF7FFFF6B8 /* Pods-ExampleUITests.release.xcconfig */;
			buildSettings = {
				ALWAYS_EMBED_SWIFT_STANDARD_LIBRARIES = YES;
				CODE_SIGN_STYLE = Automatic;
				INFOPLIST_FILE = ExampleUITests/Info.plist;
				LD_RUNPATH_SEARCH_PATHS = "$(inherited) @executable_path/Frameworks @loader_path/Frameworks";
				PRODUCT_BUNDLE_IDENTIFIER = com.mobibrains.ExampleUITests;
				PRODUCT_NAME = "$(TARGET_NAME)";
				SWIFT_VERSION = 4.0;
				TARGETED_DEVICE_FAMILY = "1,2";
				TEST_TARGET_NAME = Example;
			};
			name = Release;
		};
/* End XCBuildConfiguration section */

/* Begin XCConfigurationList section */
		EE359CDC20AD798A0060E75A /* Build configuration list for PBXProject "Example" */ = {
			isa = XCConfigurationList;
			buildConfigurations = (
				EE359CFC20AD798A0060E75A /* Debug */,
				EE359CFD20AD798A0060E75A /* Release */,
			);
			defaultConfigurationIsVisible = 0;
			defaultConfigurationName = Release;
		};
		EE359CFE20AD798A0060E75A /* Build configuration list for PBXNativeTarget "Example" */ = {
			isa = XCConfigurationList;
			buildConfigurations = (
				EE359CFF20AD798A0060E75A /* Debug */,
				EE359D0020AD798A0060E75A /* Release */,
			);
			defaultConfigurationIsVisible = 0;
			defaultConfigurationName = Release;
		};
		EE359D0120AD798A0060E75A /* Build configuration list for PBXNativeTarget "ExampleUITests" */ = {
			isa = XCConfigurationList;
			buildConfigurations = (
				EE359D0220AD798A0060E75A /* Debug */,
				EE359D0320AD798A0060E75A /* Release */,
			);
			defaultConfigurationIsVisible = 0;
			defaultConfigurationName = Release;
		};
/* End XCConfigurationList section */
	};
	rootObject = EE359CD920AD798A0060E75A /* Project object */;
}
